# THIS IS AN AUTOGENERATED FILE. DO NOT EDIT THIS FILE DIRECTLY.
# yarn lockfile v1


"@bufbuild/protobuf@^1.10.0":
  version "1.10.1"
  resolved "https://registry.yarnpkg.com/@bufbuild/protobuf/-/protobuf-1.10.1.tgz#1d76d15290c0212076c15ede94d15157ba0c6344"
  integrity sha512-wJ8ReQbHxsAfXhrf9ixl0aYbZorRuOWpBNzm8pL8ftmSxQx/wnJD5Eg861NwJU/czy2VXFIebCeZnZrI9rktIQ==

"@livekit/mutex@1.1.1":
  version "1.1.1"
  resolved "https://registry.yarnpkg.com/@livekit/mutex/-/mutex-1.1.1.tgz#72492b611d55be8130ba2271b7a436d94b1bc6d4"
  integrity sha512-EsshAucklmpuUAfkABPxJNhzj9v2sG7JuzFDL4ML1oJQSV14sqrpTYnsaOudMAw9yOaW53NU3QQTlUQoRs4czw==

"@livekit/protocol@1.50.4":
  version "1.50.4"
  resolved "https://registry.yarnpkg.com/@livekit/protocol/-/protocol-1.50.4.tgz#31495741dd786924b8ba6e190dd2a6e5d3711c51"
  integrity sha512-L1uggNQAqyY21smQY8AllyOYbcv9Me9TaxwuLytL1R8ck9nbYPmQLNwEDi3pOFGAMa5F8I2nUi2Jc59W5awxlA==
  dependencies:
    "@bufbuild/protobuf" "^1.10.0"

events@^3.3.0:
  version "3.3.0"
  resolved "https://registry.yarnpkg.com/events/-/events-3.3.0.tgz#31a95ad0a924e2d2c419a813aeb2c4e878ea7400"
  integrity sha512-mQw+2fkQbALzQ7V0MY0IqdnXNOeTtP4r0lN9z7AAawCXgqea7bDii20AYrIBrFd/Hx0M2Ocz6S111CaFkUcb0Q==

jose@^6.1.0:
  version "6.2.12"
  resolved "https://registry.yarnpkg.com/jose/-/jose-6.2.12.tgz#65663e146edd010b98ece83f81737d3aa95fd0d7"
  integrity sha512-9NiFmJEex0sy2Dk58j2UGBSHgUs2ypF9eZSu4L6vjOX3Dp96Sw1F3uL+H+D1sx02jZZdzUT0HgvCy59CuvXcWw==

livekit-client@^2.22.3:
  version "2.22.3"
  resolved "https://registry.yarnpkg.com/livekit-client/-/livekit-client-2.22.3.tgz#1ca257dbe6abb722f1410710f07ac54168eb97bf"
  integrity sha512-jw9zBKXY5Gtr5MZ7vEON3QhMNccuDvYHck1PFSyG1aaateQPqgKZFBMgZkFZaXHIf9RV4MDW5xpTK2b/+qbwOg==
  dependencies:
    "@livekit/mutex" "1.1.1"
    "@livekit/protocol" "1.50.4"
    events "^3.3.0"
    jose "^6.1.0"
    loglevel "^1.9.2"
    machina "^7.0.0"
    sdp-transform "^2.15.0"
    tslib "2.8.1"
    typed-emitter "^2.1.0"
    webrtc-adapter "9.0.6"

loglevel@^1.9.2:
  version "1.9.2"
  resolved "https://registry.yarnpkg.com/loglevel/-/loglevel-1.9.2.tgz#c2e028d6c757720107df4e64508530db6621ba08"
  integrity sha512-HgMmCqIJSAKqo68l0rS2AanEWfkxaZ5wNiEFb5ggm08lDs9Xl2KxBlX3PTcaD2chBM1gXAYf491/M2Rv8Jwayg==

machina@^7.0.0:
  version "7.0.1"
  resolved "https://registry.yarnpkg.com/machina/-/machina-7.0.1.tgz#859ad49203a5e194ed6bd1f6ef102c308bf6b839"
  integrity sha512-0Xkgs8NeBvO2hW6bjJT8ewLWrMfh1haMPstaghpASWjXkLjRhtDiaJG1Kb7mslaOHxZYxpH7PIjpmirRVYbMMA==

rxjs@^7.5.2:
  version "7.8.2"
  resolved "https://registry.yarnpkg.com/rxjs/-/rxjs-7.8.2.tgz#955bc473ed8af11a002a2be52071bf475638607b"
  integrity sha512-dhKf903U/PQZY6boNNtAGdWbG85WAbjT/1xYoZIC7FAY0yWapOBQVsVrDl58W86//e1VpMNBtRV4MaXfdMySFA==
  dependencies:
    tslib "^2.1.0"

sdp-transform@^2.15.0:
  version "2.15.0"
  resolved "https://registry.yarnpkg.com/sdp-transform/-/sdp-transform-2.15.0.tgz#79d37a2481916f36a0534e07b32ceaa87f71df42"
  integrity sha512-KrOH82c/W+GYQ0LHqtr3caRpM3ITglq3ljGUIb8LTki7ByacJZ9z+piSGiwZDsRyhQbYBOBJgr2k6X4BZXi3Kw==

sdp@^3.2.0:
  version "3.2.2"
  resolved "https://registry.yarnpkg.com/sdp/-/sdp-3.2.2.tgz#fdef97433fd61d8950cac8987803a84b11fc0aba"
  integrity sha512-xZocWwfyp4hkbN4hLWxMjmv2Q8aNa9MhmOZ7L9aCZPT+dZsgRr6wZRrSYE3HTdyk/2pZKPSgqI7ns7Een1xMSA==

tslib@2.8.1, tslib@^2.1.0:
  version "2.8.1"
  resolved "https://registry.yarnpkg.com/tslib/-/tslib-2.8.1.tgz#612efe4ed235d567e8aba5f2a5fab70280ade83f"
  integrity sha512-oJFu94HQb+KVduSUQL7wnpmqnfmLsOA/nAh6b6EH0wCEoK0/mPeXU6c3wKDV83MkOuHPRHtSXKKU99IBazS/2w==

typed-emitter@^2.1.0:
  version "2.1.0"
  resolved "https://registry.yarnpkg.com/typed-emitter/-/typed-emitter-2.1.0.tgz#ca78e3d8ef1476f228f548d62e04e3d4d3fd77fb"
  integrity sha512-g/KzbYKbH5C2vPkaXGu8DJlHrGKHLsM25Zg9WuC9pMGfuvT+X25tZQWo5fK1BjBm8+UrVE9LDCvaY0CQk+fXDA==
  optionalDependencies:
    rxjs "^7.5.2"

webrtc-adapter@9.0.6:
  version "9.0.6"
  resolved "https://registry.yarnpkg.com/webrtc-adapter/-/webrtc-adapter-9.0.6.tgz#d89ce0d7b6b8b49f07bdbd1273074006744905a6"
  integrity sha512-CHbl2ZQbxx164IgWRgzJno4hWtM4tFbRam1QfI3Yxhs3w/DvqluVxVWeXs3oL5/fbGkSNLKo0Ty5MgUWceNhog==
  dependencies:
    sdp "^3.2.0"
